// !$*UTF8*$!
{
	archiveVersion = 1;
	classes = {
	};
	objectVersion = 50;
	objects = {

/* Begin PBXBuildFile section */
		C71DC18F225A4A9E00014C4F /* AppDelegate.swift in Sources */ = {isa = PBXBuildFile; fileRef = C71DC18E225A4A9E00014C4F /* AppDelegate.swift */; };
		C71DC191225A4A9E00014C4F /* ViewController.swift in Sources */ = {isa = PBXBuildFile; fileRef = C71DC190225A4A9E00014C4F /* ViewController.swift */; };
		C71DC194225A4A9E00014C4F /* Main.storyboard in Resources */ = {isa = PBXBuildFile; fileRef = C71DC192225A4A9E00014C4F /* Main.storyboard */; };
		C71DC196225A4A9F00014C4F /* Assets.xcassets in Resources */ = {isa = PBXBuildFile; fileRef = C71DC195225A4A9F00014C4F /* Assets.xcassets */; };
		C71DC199225A4A9F00014C4F /* LaunchScreen.storyboard in Resources */ = {isa = PBXBuildFile; fileRef = C71DC197225A4A9F00014C4F /* LaunchScreen.storyboard */; };
		C71DC1A4225A4A9F00014C4F /* norm1Tests.swift in Sources */ = {isa = PBXBuildFile; fileRef = C71DC1A3225A4A9F00014C4F /* norm1Tests.swift */; };
		C71DC1AF225A4A9F00014C4F /* norm1UITests.swift in Sources */ = {isa = PBXBuildFile; fileRef = C71DC1AE225A4A9F00014C4F /* norm1UITests.swift */; };
/* End PBXBuildFile section */

/* Begin PBXContainerItemProxy section */
		C71DC1A0225A4A9F00014C4F /* PBXContainerItemProxy */ = {
			isa = PBXContainerItemProxy;
			containerPortal = C71DC183225A4A9E00014C4F /* Project object */;
			proxyType = 1;
			remoteGlobalIDString = C71DC18A225A4A9E00014C4F;
			remoteInfo = norm1;
		};
		C71DC1AB225A4A9F00014C4F /* PBXContainerItemProxy */ = {
			isa = PBXContainerItemProxy;
			containerPortal = C71DC183225A4A9E00014C4F /* Project object */;
			proxyType = 1;
			remoteGlobalIDString = C71DC18A225A4A9E00014C4F;
			remoteInfo = norm1;
		};
/* End PBXContainerItemProxy section */

/* Begin PBXFileReference section */
		C71DC18B225A4A9E00014C4F /* norm1.app */ = {isa = PBXFileReference; explicitFileType = wrapper.application; includeInIndex = 0; path = norm1.app; sourceTree = BUILT_PRODUCTS_DIR; };
		C71DC18E225A4A9E00014C4F /* AppDelegate.swift */ = {isa = PBXFileReference; lastKnownFileType = sourcecode.swift; path = AppDelegate.swift; sourceTree = "<group>"; };
		C71DC190225A4A9E00014C4F /* ViewController.swift */ = {isa = PBXFileReference; lastKnownFileType = sourcecode.swift; path = ViewController.swift; sourceTree = "<group>"; };
		C71DC193225A4A9E00014C4F /* Base */ = {isa = PBXFileReference; lastKnownFileType = file.storyboard; name = Base; path = Base.lproj/Main.storyboard; sourceTree = "<group>"; };
		C71DC195225A4A9F00014C4F /* Assets.xcassets */ = {isa = PBXFileReference; lastKnownFileType = folder.assetcatalog; path = Assets.xcassets; sourceTree = "<group>"; };
		C71DC198225A4A9F00014C4F /* Base */ = {isa = PBXFileReference; lastKnownFileType = file.storyboard; name = Base; path = Base.lproj/LaunchScreen.storyboard; sourceTree = "<group>"; };
		C71DC19A225A4A9F00014C4F /* Info.plist */ = {isa = PBXFileReference; lastKnownFileType = text.plist.xml; path = Info.plist; sourceTree = "<group>"; };
		C71DC19F225A4A9F00014C4F /* norm1Tests.xctest */ = {isa = PBXFileReference; explicitFileType = wrapper.cfbundle; includeInIndex = 0; path = norm1Tests.xctest; sourceTree = BUILT_PRODUCTS_DIR; };
		C71DC1A3225A4A9F00014C4F /* norm1Tests.swift */ = {isa = PBXFileReference; lastKnownFileType = sourcecode.swift; path = norm1Tests.swift; sourceTree = "<group>"; };
		C71DC1A5225A4A9F00014C4F /* Info.plist */ = {isa = PBXFileReference; lastKnownFileType = text.plist.xml; path = Info.plist; sourceTree = "<group>"; };
		C71DC1AA225A4A9F00014C4F /* norm1UITests.xctest */ = {isa = PBXFileReference; explicitFileType = wrapper.cfbundle; includeInIndex = 0; path = norm1UITests.xctest; sourceTree = BUILT_PRODUCTS_DIR; };
		C71DC1AE225A4A9F00014C4F /* norm1UITests.swift */ = {isa = PBXFileReference; lastKnownFileType = sourcecode.swift; path = norm1UITests.swift; sourceTree = "<group>"; };
		C71DC1B0225A4A9F00014C4F /* Info.plist */ = {isa = PBXFileReference; lastKnownFileType = text.plist.xml; path = Info.plist; sourceTree = "<group>"; };
/* End PBXFileReference section */

/* Begin PBXFrameworksBuildPhase section */
		C71DC188225A4A9E00014C4F /* Frameworks */ = {
			isa = PBXFrameworksBuildPhase;
			buildActionMask = 2147483647;
			files = (
			);
			runOnlyForDeploymentPostprocessing = 0;
		};
		C71DC19C225A4A9F00014C4F /* Frameworks */ = {
			isa = PBXFrameworksBuildPhase;
			buildActionMask = 2147483647;
			files = (
			);
			runOnlyForDeploymentPostprocessing = 0;
		};
		C71DC1A7225A4A9F00014C4F /* Frameworks */ = {
			isa = PBXFrameworksBuildPhase;
			buildActionMask = 2147483647;
			files = (
			);
			runOnlyForDeploymentPostprocessing = 0;
		};
/* End PBXFrameworksBuildPhase section */

/* Begin PBXGroup section */
		C71DC182225A4A9E00014C4F = {
			isa = PBXGroup;
			children = (
				C71DC18D225A4A9E00014C4F /* norm1 */,
				C71DC1A2225A4A9F00014C4F /* norm1Tests */,
				C71DC1AD225A4A9F00014C4F /* norm1UITests */,
				C71DC18C225A4A9E00014C4F /* Products */,
			);
			sourceTree = "<group>";
		};
		C71DC18C225A4A9E00014C4F /* Products */ = {
			isa = PBXGroup;
			children = (
				C71DC18B225A4A9E00014C4F /* norm1.app */,
				C71DC19F225A4A9F00014C4F /* norm1Tests.xctest */,
				C71DC1AA225A4A9F00014C4F /* norm1UITests.xctest */,
			);
			name = Products;
			sourceTree = "<group>";
		};
		C71DC18D225A4A9E00014C4F /* norm1 */ = {
			isa = PBXGroup;
			children = (
				C71DC18E225A4A9E00014C4F /* AppDelegate.swift */,
				C71DC190225A4A9E00014C4F /* ViewController.swift */,
				C71DC192225A4A9E00014C4F /* Main.storyboard */,
				C71DC195225A4A9F00014C4F /* Assets.xcassets */,
				C71DC197225A4A9F00014C4F /* LaunchScreen.storyboard */,
				C71DC19A225A4A9F00014C4F /* Info.plist */,
			);
			path = norm1;
			sourceTree = "<group>";
		};
		C71DC1A2225A4A9F00014C4F /* norm1Tests */ = {
			isa = PBXGroup;
			children = (
				C71DC1A3225A4A9F00014C4F /* norm1Tests.swift */,
				C71DC1A5225A4A9F00014C4F /* Info.plist */,
			);
			path = norm1Tests;
			sourceTree = "<group>";
		};
		C71DC1AD225A4A9F00014C4F /* norm1UITests */ = {
			isa = PBXGroup;
			children = (
				C71DC1AE225A4A9F00014C4F /* norm1UITests.swift */,
				C71DC1B0225A4A9F00014C4F /* Info.plist */,
			);
			path = norm1UITests;
			sourceTree = "<group>";
		};
/* End PBXGroup section */

/* Begin PBXNativeTarget section */
		C71DC18A225A4A9E00014C4F /* norm1 */ = {
			isa = PBXNativeTarget;
			buildConfigurationList = C71DC1B3225A4A9F00014C4F /* Build configuration list for PBXNativeTarget "norm1" */;
			buildPhases = (
				C71DC187225A4A9E00014C4F /* Sources */,
				C71DC188225A4A9E00014C4F /* Frameworks */,
				C71DC189225A4A9E00014C4F /* Resources */,
			);
			buildRules = (
			);
			dependencies = (
			);
			name = norm1;
			productName = norm1;
			productReference = C71DC18B225A4A9E00014C4F /* norm1.app */;
			productType = "com.apple.product-type.application";
		};
		C71DC19E225A4A9F00014C4F /* norm1Tests */ = {
			isa = PBXNativeTarget;
			buildConfigurationList = C71DC1B6225A4A9F00014C4F /* Build configuration list for PBXNativeTarget "norm1Tests" */;
			buildPhases = (
				C71DC19B225A4A9F00014C4F /* Sources */,
				C71DC19C225A4A9F00014C4F /* Frameworks */,
				C71DC19D225A4A9F00014C4F /* Resources */,
			);
			buildRules = (
			);
			dependencies = (
				C71DC1A1225A4A9F00014C4F /* PBXTargetDependency */,
			);
			name = norm1Tests;
			productName = norm1Tests;
			productReference = C71DC19F225A4A9F00014C4F /* norm1Tests.xctest */;
			productType = "com.apple.product-type.bundle.unit-test";
		};
		C71DC1A9225A4A9F00014C4F /* norm1UITests */ = {
			isa = PBXNativeTarget;
			buildConfigurationList = C71DC1B9225A4A9F00014C4F /* Build configuration list for PBXNativeTarget "norm1UITests" */;
			buildPhases = (
				C71DC1A6225A4A9F00014C4F /* Sources */,
				C71DC1A7225A4A9F00014C4F /* Frameworks */,
				C71DC1A8225A4A9F00014C4F /* Resources */,
			);
			buildRules = (
			);
			dependencies = (
				C71DC1AC225A4A9F00014C4F /* PBXTargetDependency */,
			);
			name = norm1UITests;
			productName = norm1UITests;
			productReference = C71DC1AA225A4A9F00014C4F /* norm1UITests.xctest */;
			productType = "com.apple.product-type.bundle.ui-testing";
		};
/* End PBXNativeTarget section */

/* Begin PBXProject section */
		C71DC183225A4A9E00014C4F /* Project object */ = {
			isa = PBXProject;
			attributes = {
				LastSwiftUpdateCheck = 1020;
				LastUpgradeCheck = 1020;
				ORGANIZATIONNAME = Gabounet;
				TargetAttributes = {
					C71DC18A225A4A9E00014C4F = {
						CreatedOnToolsVersion = 10.2;
					};
					C71DC19E225A4A9F00014C4F = {
						CreatedOnToolsVersion = 10.2;
						TestTargetID = C71DC18A225A4A9E00014C4F;
					};
					C71DC1A9225A4A9F00014C4F = {
						CreatedOnToolsVersion = 10.2;
						TestTargetID = C71DC18A225A4A9E00014C4F;
					};
				};
			};
			buildConfigurationList = C71DC186225A4A9E00014C4F /* Build configuration list for PBXProject "norm1" */;
			compatibilityVersion = "Xcode 9.3";
			developmentRegion = en;
			hasScannedForEncodings = 0;
			knownRegions = (
				en,
				Base,
			);
			mainGroup = C71DC182225A4A9E00014C4F;
			productRefGroup = C71DC18C225A4A9E00014C4F /* Products */;
			projectDirPath = "";
			projectRoot = "";
			targets = (
				C71DC18A225A4A9E00014C4F /* norm1 */,
				C71DC19E225A4A9F00014C4F /* norm1Tests */,
				C71DC1A9225A4A9F00014C4F /* norm1UITests */,
			);
		};
/* End PBXProject section */

/* Begin PBXResourcesBuildPhase section */
		C71DC189225A4A9E00014C4F /* Resources */ = {
			isa = PBXResourcesBuildPhase;
			buildActionMask = 2147483647;
			files = (
				C71DC199225A4A9F00014C4F /* LaunchScreen.storyboard in Resources */,
				C71DC196225A4A9F00014C4F /* Assets.xcassets in Resources */,
				C71DC194225A4A9E00014C4F /* Main.storyboard in Resources */,
			);
			runOnlyForDeploymentPostprocessing = 0;
		};
		C71DC19D225A4A9F00014C4F /* Resources */ = {
			isa = PBXResourcesBuildPhase;
			buildActionMask = 2147483647;
			files = (
			);
			runOnlyForDeploymentPostprocessing = 0;
		};
		C71DC1A8225A4A9F00014C4F /* Resources */ = {
			isa = PBXResourcesBuildPhase;
			buildActionMask = 2147483647;
			files = (
			);
			runOnlyForDeploymentPostprocessing = 0;
		};
/* End PBXResourcesBuildPhase section */

/* Begin PBXSourcesBuildPhase section */
		C71DC187225A4A9E00014C4F /* Sources */ = {
			isa = PBXSourcesBuildPhase;
			buildActionMask = 2147483647;
			files = (
				C71DC191225A4A9E00014C4F /* ViewController.swift in Sources */,
				C71DC18F225A4A9E00014C4F /* AppDelegate.swift in Sources */,
			);
			runOnlyForDeploymentPostprocessing = 0;
		};
		C71DC19B225A4A9F00014C4F /* Sources */ = {
			isa = PBXSourcesBuildPhase;
			buildActionMask = 2147483647;
			files = (
				C71DC1A4225A4A9F00014C4F /* norm1Tests.swift in Sources */,
			);
			runOnlyForDeploymentPostprocessing = 0;
		};
		C71DC1A6225A4A9F00014C4F /* Sources */ = {
			isa = PBXSourcesBuildPhase;
			buildActionMask = 2147483647;
			files = (
				C71DC1AF225A4A9F00014C4F /* norm1UITests.swift in Sources */,
			);
			runOnlyForDeploymentPostprocessing = 0;
		};
/* End PBXSourcesBuildPhase section */

/* Begin PBXTargetDependency section */
		C71DC1A1225A4A9F00014C4F /* PBXTargetDependency */ = {
			isa = PBXTargetDependency;
			target = C71DC18A225A4A9E00014C4F /* norm1 */;
			targetProxy = C71DC1A0225A4A9F00014C4F /* PBXContainerItemProxy */;
		};
		C71DC1AC225A4A9F00014C4F /* PBXTargetDependency */ = {
			isa = PBXTargetDependency;
			target = C71DC18A225A4A9E00014C4F /* norm1 */;
			targetProxy = C71DC1AB225A4A9F00014C4F /* PBXContainerItemProxy */;
		};
/* End PBXTargetDependency section */

/* Begin PBXVariantGroup section */
		C71DC192225A4A9E00014C4F /* Main.storyboard */ = {
			isa = PBXVariantGroup;
			children = (
				C71DC193225A4A9E00014C4F /* Base */,
			);
			name = Main.storyboard;
			sourceTree = "<group>";
		};
		C71DC197225A4A9F00014C4F /* LaunchScreen.storyboard */ = {
			isa = PBXVariantGroup;
			children = (
				C71DC198225A4A9F00014C4F /* Base */,
			);
			name = LaunchScreen.storyboard;
			sourceTree = "<group>";
		};
/* End PBXVariantGroup section */

/* Begin XCBuildConfiguration section */
		C71DC1B1225A4A9F00014C4F /* Debug */ = {
			isa = XCBuildConfiguration;
			buildSettings = {
				ALWAYS_SEARCH_USER_PATHS = NO;
				CLANG_ANALYZER_NONNULL = YES;
				CLANG_ANALYZER_NUMBER_OBJECT_CONVERSION = YES_AGGRESSIVE;
				CLANG_CXX_LANGUAGE_STANDARD = "gnu++14";
				CLANG_CXX_LIBRARY = "libc++";
				CLANG_ENABLE_MODULES = YES;
				CLANG_ENABLE_OBJC_ARC = YES;
				CLANG_ENABLE_OBJC_WEAK = YES;
				CLANG_WARN_BLOCK_CAPTURE_AUTORELEASING = YES;
				CLANG_WARN_BOOL_CONVERSION = YES;
				CLANG_WARN_COMMA = YES;
				CLANG_WARN_CONSTANT_CONVERSION = YES;
				CLANG_WARN_DEPRECATED_OBJC_IMPLEMENTATIONS = YES;
				CLANG_WARN_DIRECT_OBJC_ISA_USAGE = YES_ERROR;
				CLANG_WARN_DOCUMENTATION_COMMENTS = YES;
				CLANG_WARN_EMPTY_BODY = YES;
				CLANG_WARN_ENUM_CONVERSION = YES;
				CLANG_WARN_INFINITE_RECURSION = YES;
				CLANG_WARN_INT_CONVERSION = YES;
				CLANG_WARN_NON_LITERAL_NULL_CONVERSION = YES;
				CLANG_WARN_OBJC_IMPLICIT_RETAIN_SELF = YES;
				CLANG_WARN_OBJC_LITERAL_CONVERSION = YES;
				CLANG_WARN_OBJC_ROOT_CLASS = YES_ERROR;
				CLANG_WARN_RANGE_LOOP_ANALYSIS = YES;
				CLANG_WARN_STRICT_PROTOTYPES = YES;
				CLANG_WARN_SUSPICIOUS_MOVE = YES;
				CLANG_WARN_UNGUARDED_AVAILABILITY = YES_AGGRESSIVE;
				CLANG_WARN_UNREACHABLE_CODE = YES;
				CLANG_WARN__DUPLICATE_METHOD_MATCH = YES;
				CODE_SIGN_IDENTITY = "iPhone Developer";
				COPY_PHASE_STRIP = NO;
				DEBUG_INFORMATION_FORMAT = dwarf;
				ENABLE_STRICT_OBJC_MSGSEND = YES;
				ENABLE_TESTABILITY = YES;
				GCC_C_LANGUAGE_STANDARD = gnu11;
				GCC_DYNAMIC_NO_PIC = NO;
				GCC_NO_COMMON_BLOCKS = YES;
				GCC_OPTIMIZATION_LEVEL = 0;
				GCC_PREPROCESSOR_DEFINITIONS = (
					"DEBUG=1",
					"$(inherited)",
				);
				GCC_WARN_64_TO_32_BIT_CONVERSION = YES;
				GCC_WARN_ABOUT_RETURN_TYPE = YES_ERROR;
				GCC_WARN_UNDECLARED_SELECTOR = YES;
				GCC_WARN_UNINITIALIZED_AUTOS = YES_AGGRESSIVE;
				GCC_WARN_UNUSED_FUNCTION = YES;
				GCC_WARN_UNUSED_VARIABLE = YES;
				IPHONEOS_DEPLOYMENT_TARGET = 12.2;
				MTL_ENABLE_DEBUG_INFO = INCLUDE_SOURCE;
				MTL_FAST_MATH = YES;
				ONLY_ACTIVE_ARCH = YES;
				SDKROOT = iphoneos;
				SWIFT_ACTIVE_COMPILATION_CONDITIONS = DEBUG;
				SWIFT_OPTIMIZATION_LEVEL = "-Onone";
			};
			name = Debug;
		};
		C71DC1B2225A4A9F00014C4F /* Release */ = {
			isa = XCBuildConfiguration;
			buildSettings = {
				ALWAYS_SEARCH_USER_PATHS = NO;
				CLANG_ANALYZER_NONNULL = YES;
				CLANG_ANALYZER_NUMBER_OBJECT_CONVERSION = YES_AGGRESSIVE;
				CLANG_CXX_LANGUAGE_STANDARD = "gnu++14";
				CLANG_CXX_LIBRARY = "libc++";
				CLANG_ENABLE_MODULES = YES;
				CLANG_ENABLE_OBJC_ARC = YES;
				CLANG_ENABLE_OBJC_WEAK = YES;
				CLANG_WARN_BLOCK_CAPTURE_AUTORELEASING = YES;
				CLANG_WARN_BOOL_CONVERSION = YES;
				CLANG_WARN_COMMA = YES;
				CLANG_WARN_CONSTANT_CONVERSION = YES;
				CLANG_WARN_DEPRECATED_OBJC_IMPLEMENTATIONS = YES;
				CLANG_WARN_DIRECT_OBJC_ISA_USAGE = YES_ERROR;
				CLANG_WARN_DOCUMENTATION_COMMENTS = YES;
				CLANG_WARN_EMPTY_BODY = YES;
				CLANG_WARN_ENUM_CONVERSION = YES;
				CLANG_WARN_INFINITE_RECURSION = YES;
				CLANG_WARN_INT_CONVERSION = YES;
				CLANG_WARN_NON_LITERAL_NULL_CONVERSION = YES;
				CLANG_WARN_OBJC_IMPLICIT_RETAIN_SELF = YES;
				CLANG_WARN_OBJC_LITERAL_CONVERSION = YES;
				CLANG_WARN_OBJC_ROOT_CLASS = YES_ERROR;
				CLANG_WARN_RANGE_LOOP_ANALYSIS = YES;
				CLANG_WARN_STRICT_PROTOTYPES = YES;
				CLANG_WARN_SUSPICIOUS_MOVE = YES;
				CLANG_WARN_UNGUARDED_AVAILABILITY = YES_AGGRESSIVE;
				CLANG_WARN_UNREACHABLE_CODE = YES;
				CLANG_WARN__DUPLICATE_METHOD_MATCH = YES;
				CODE_SIGN_IDENTITY = "iPhone Developer";
				COPY_PHASE_STRIP = NO;
				DEBUG_INFORMATION_FORMAT = "dwarf-with-dsym";
				ENABLE_NS_ASSERTIONS = NO;
				ENABLE_STRICT_OBJC_MSGSEND = YES;
				GCC_C_LANGUAGE_STANDARD = gnu11;
				GCC_NO_COMMON_BLOCKS = YES;
				GCC_WARN_64_TO_32_BIT_CONVERSION = YES;
				GCC_WARN_ABOUT_RETURN_TYPE = YES_ERROR;
				GCC_WARN_UNDECLARED_SELECTOR = YES;
				GCC_WARN_UNINITIALIZED_AUTOS = YES_AGGRESSIVE;
				GCC_WARN_UNUSED_FUNCTION = YES;
				GCC_WARN_UNUSED_VARIABLE = YES;
				IPHONEOS_DEPLOYMENT_TARGET = 12.2;
				MTL_ENABLE_DEBUG_INFO = NO;
				MTL_FAST_MATH = YES;
				SDKROOT = iphoneos;
				SWIFT_COMPILATION_MODE = wholemodule;
				SWIFT_OPTIMIZATION_LEVEL = "-O";
				VALIDATE_PRODUCT = YES;
			};
			name = Release;
		};
		C71DC1B4225A4A9F00014C4F /* Debug */ = {
			isa = XCBuildConfiguration;
			buildSettings = {
				ASSETCATALOG_COMPILER_APPICON_NAME = AppIcon;
				CODE_SIGN_STYLE = Automatic;
				DEVELOPMENT_TEAM = 63YDCQ9RFT;
				INFOPLIST_FILE = norm1/Info.plist;
				LD_RUNPATH_SEARCH_PATHS = (
					"$(inherited)",
					"@executable_path/Frameworks",
				);
				PRODUCT_BUNDLE_IDENTIFIER = Gabounet.norm1;
				PRODUCT_NAME = "$(TARGET_NAME)";
				SWIFT_VERSION = 5.0;
				TARGETED_DEVICE_FAMILY = "1,2";
			};
			name = Debug;
		};
		C71DC1B5225A4A9F00014C4F /* Release */ = {
			isa = XCBuildConfiguration;
			buildSettings = {
				ASSETCATALOG_COMPILER_APPICON_NAME = AppIcon;
				CODE_SIGN_STYLE = Automatic;
				DEVELOPMENT_TEAM = 63YDCQ9RFT;
				INFOPLIST_FILE = norm1/Info.plist;
				LD_RUNPATH_SEARCH_PATHS = (
					"$(inherited)",
					"@executable_path/Frameworks",
				);
				PRODUCT_BUNDLE_IDENTIFIER = Gabounet.norm1;
				PRODUCT_NAME = "$(TARGET_NAME)";
				SWIFT_VERSION = 5.0;
				TARGETED_DEVICE_FAMILY = "1,2";
			};
			name = Release;
		};
		C71DC1B7225A4A9F00014C4F /* Debug */ = {
			isa = XCBuildConfiguration;
			buildSettings = {
				ALWAYS_EMBED_SWIFT_STANDARD_LIBRARIES = YES;
				BUNDLE_LOADER = "$(TEST_HOST)";
				CODE_SIGN_STYLE = Automatic;
				DEVELOPMENT_TEAM = 63YDCQ9RFT;
				INFOPLIST_FILE = norm1Tests/Info.plist;
				LD_RUNPATH_SEARCH_PATHS = (
					"$(inherited)",
					"@executable_path/Frameworks",
					"@loader_path/Frameworks",
				);
				PRODUCT_BUNDLE_IDENTIFIER = Gabounet.norm1Tests;
				PRODUCT_NAME = "$(TARGET_NAME)";
				SWIFT_VERSION = 5.0;
				TARGETED_DEVICE_FAMILY = "1,2";
				TEST_HOST = "$(BUILT_PRODUCTS_DIR)/norm1.app/norm1";
			};
			name = Debug;
		};
		C71DC1B8225A4A9F00014C4F /* Release */ = {
			isa = XCBuildConfiguration;
			buildSettings = {
				ALWAYS_EMBED_SWIFT_STANDARD_LIBRARIES = YES;
				BUNDLE_LOADER = "$(TEST_HOST)";
				CODE_SIGN_STYLE = Automatic;
				DEVELOPMENT_TEAM = 63YDCQ9RFT;
				INFOPLIST_FILE = norm1Tests/Info.plist;
				LD_RUNPATH_SEARCH_PATHS = (
					"$(inherited)",
					"@executable_path/Frameworks",
					"@loader_path/Frameworks",
				);
				PRODUCT_BUNDLE_IDENTIFIER = Gabounet.norm1Tests;
				PRODUCT_NAME = "$(TARGET_NAME)";
				SWIFT_VERSION = 5.0;
				TARGETED_DEVICE_FAMILY = "1,2";
				TEST_HOST = "$(BUILT_PRODUCTS_DIR)/norm1.app/norm1";
			};
			name = Release;
		};
		C71DC1BA225A4A9F00014C4F /* Debug */ = {
			isa = XCBuildConfiguration;
			buildSettings = {
				ALWAYS_EMBED_SWIFT_STANDARD_LIBRARIES = YES;
				CODE_SIGN_STYLE = Automatic;
				DEVELOPMENT_TEAM = 63YDCQ9RFT;
				INFOPLIST_FILE = norm1UITests/Info.plist;
				LD_RUNPATH_SEARCH_PATHS = (
					"$(inherited)",
					"@executable_path/Frameworks",
					"@loader_path/Frameworks",
				);
				PRODUCT_BUNDLE_IDENTIFIER = Gabounet.norm1UITests;
				PRODUCT_NAME = "$(TARGET_NAME)";
				SWIFT_VERSION = 5.0;
				TARGETED_DEVICE_FAMILY = "1,2";
				TEST_TARGET_NAME = norm1;
			};
			name = Debug;
		};
		C71DC1BB225A4A9F00014C4F /* Release */ = {
			isa = XCBuildConfiguration;
			buildSettings = {
				ALWAYS_EMBED_SWIFT_STANDARD_LIBRARIES = YES;
				CODE_SIGN_STYLE = Automatic;
				DEVELOPMENT_TEAM = 63YDCQ9RFT;
				INFOPLIST_FILE = norm1UITests/Info.plist;
				LD_RUNPATH_SEARCH_PATHS = (
					"$(inherited)",
					"@executable_path/Frameworks",
					"@loader_path/Frameworks",
				);
				PRODUCT_BUNDLE_IDENTIFIER = Gabounet.norm1UITests;
				PRODUCT_NAME = "$(TARGET_NAME)";
				SWIFT_VERSION = 5.0;
				TARGETED_DEVICE_FAMILY = "1,2";
				TEST_TARGET_NAME = norm1;
			};
			name = Release;
		};
/* End XCBuildConfiguration section */

/* Begin XCConfigurationList section */
		C71DC186225A4A9E00014C4F /* Build configuration list for PBXProject "norm1" */ = {
			isa = XCConfigurationList;
			buildConfigurations = (
				C71DC1B1225A4A9F00014C4F /* Debug */,
				C71DC1B2225A4A9F00014C4F /* Release */,
			);
			defaultConfigurationIsVisible = 0;
			defaultConfigurationName = Release;
		};
		C71DC1B3225A4A9F00014C4F /* Build configuration list for PBXNativeTarget "norm1" */ = {
			isa = XCConfigurationList;
			buildConfigurations = (
				C71DC1B4225A4A9F00014C4F /* Debug */,
				C71DC1B5225A4A9F00014C4F /* Release */,
			);
			defaultConfigurationIsVisible = 0;
			defaultConfigurationName = Release;
		};
		C71DC1B6225A4A9F00014C4F /* Build configuration list for PBXNativeTarget "norm1Tests" */ = {
			isa = XCConfigurationList;
			buildConfigurations = (
				C71DC1B7225A4A9F00014C4F /* Debug */,
				C71DC1B8225A4A9F00014C4F /* Release */,
			);
			defaultConfigurationIsVisible = 0;
			defaultConfigurationName = Release;
		};
		C71DC1B9225A4A9F00014C4F /* Build configuration list for PBXNativeTarget "norm1UITests" */ = {
			isa = XCConfigurationList;
			buildConfigurations = (
				C71DC1BA225A4A9F00014C4F /* Debug */,
				C71DC1BB225A4A9F00014C4F /* Release */,
			);
			defaultConfigurationIsVisible = 0;
			defaultConfigurationName = Release;
		};
/* End XCConfigurationList section */
	};
	rootObject = C71DC183225A4A9E00014C4F /* Project object */;
}
